// !$*UTF8*$!
{
	archiveVersion = 1;
	classes = {
	};
	objectVersion = 46;
	objects = {

/* Begin PBXBuildFile section */
		0875E7A51E706EE900FECF7B /* AppDelegate.swift in Sources */ = {isa = PBXBuildFile; fileRef = 0875E7A41E706EE900FECF7B /* AppDelegate.swift */; };
		0875E7A71E706EE900FECF7B /* ViewController.swift in Sources */ = {isa = PBXBuildFile; fileRef = 0875E7A61E706EE900FECF7B /* ViewController.swift */; };
		0875E7AA1E706EE900FECF7B /* Main.storyboard in Resources */ = {isa = PBXBuildFile; fileRef = 0875E7A81E706EE900FECF7B /* Main.storyboard */; };
		0875E7AC1E706EE900FECF7B /* Assets.xcassets in Resources */ = {isa = PBXBuildFile; fileRef = 0875E7AB1E706EE900FECF7B /* Assets.xcassets */; };
		0875E7AF1E706EE900FECF7B /* LaunchScreen.storyboard in Resources */ = {isa = PBXBuildFile; fileRef = 0875E7AD1E706EE900FECF7B /* LaunchScreen.storyboard */; };
		0875E7BA1E706EE900FECF7B /* GitPracticeTests.swift in Sources */ = {isa = PBXBuildFile; fileRef = 0875E7B91E706EE900FECF7B /* GitPracticeTests.swift */; };
		0875E7C51E706EE900FECF7B /* GitPracticeUITests.swift in Sources */ = {isa = PBXBuildFile; fileRef = 0875E7C41E706EE900FECF7B /* GitPracticeUITests.swift */; };
/* End PBXBuildFile section */

/* Begin PBXContainerItemProxy section */
		0875E7B61E706EE900FECF7B /* PBXContainerItemProxy */ = {
			isa = PBXContainerItemProxy;
			containerPortal = 0875E7991E706EE800FECF7B /* Project object */;
			proxyType = 1;
			remoteGlobalIDString = 0875E7A01E706EE900FECF7B;
			remoteInfo = GitPractice;
		};
		0875E7C11E706EE900FECF7B /* PBXContainerItemProxy */ = {
			isa = PBXContainerItemProxy;
			containerPortal = 0875E7991E706EE800FECF7B /* Project object */;
			proxyType = 1;
			remoteGlobalIDString = 0875E7A01E706EE900FECF7B;
			remoteInfo = GitPractice;
		};
/* End PBXContainerItemProxy section */

/* Begin PBXFileReference section */
		0875E7A11E706EE900FECF7B /* GitPractice.app */ = {isa = PBXFileReference; explicitFileType = wrapper.application; includeInIndex = 0; path = GitPractice.app; sourceTree = BUILT_PRODUCTS_DIR; };
		0875E7A41E706EE900FECF7B /* AppDelegate.swift */ = {isa = PBXFileReference; lastKnownFileType = sourcecode.swift; path = AppDelegate.swift; sourceTree = "<group>"; };
		0875E7A61E706EE900FECF7B /* ViewController.swift */ = {isa = PBXFileReference; lastKnownFileType = sourcecode.swift; path = ViewController.swift; sourceTree = "<group>"; };
		0875E7A91E706EE900FECF7B /* Base */ = {isa = PBXFileReference; lastKnownFileType = file.storyboard; name = Base; path = Base.lproj/Main.storyboard; sourceTree = "<group>"; };
		0875E7AB1E706EE900FECF7B /* Assets.xcassets */ = {isa = PBXFileReference; lastKnownFileType = folder.assetcatalog; path = Assets.xcassets; sourceTree = "<group>"; };
		0875E7AE1E706EE900FECF7B /* Base */ = {isa = PBXFileReference; lastKnownFileType = file.storyboard; name = Base; path = Base.lproj/LaunchScreen.storyboard; sourceTree = "<group>"; };
		0875E7B01E706EE900FECF7B /* Info.plist */ = {isa = PBXFileReference; lastKnownFileType = text.plist.xml; path = Info.plist; sourceTree = "<group>"; };
		0875E7B51E706EE900FECF7B /* GitPracticeTests.xctest */ = {isa = PBXFileReference; explicitFileType = wrapper.cfbundle; includeInIndex = 0; path = GitPracticeTests.xctest; sourceTree = BUILT_PRODUCTS_DIR; };
		0875E7B91E706EE900FECF7B /* GitPracticeTests.swift */ = {isa = PBXFileReference; lastKnownFileType = sourcecode.swift; path = GitPracticeTests.swift; sourceTree = "<group>"; };
		0875E7BB1E706EE900FECF7B /* Info.plist */ = {isa = PBXFileReference; lastKnownFileType = text.plist.xml; path = Info.plist; sourceTree = "<group>"; };
		0875E7C01E706EE900FECF7B /* GitPracticeUITests.xctest */ = {isa = PBXFileReference; explicitFileType = wrapper.cfbundle; includeInIndex = 0; path = GitPracticeUITests.xctest; sourceTree = BUILT_PRODUCTS_DIR; };
		0875E7C41E706EE900FECF7B /* GitPracticeUITests.swift */ = {isa = PBXFileReference; lastKnownFileType = sourcecode.swift; path = GitPracticeUITests.swift; sourceTree = "<group>"; };
		0875E7C61E706EE900FECF7B /* Info.plist */ = {isa = PBXFileReference; lastKnownFileType = text.plist.xml; path = Info.plist; sourceTree = "<group>"; };
/* End PBXFileReference section */

/* Begin PBXFrameworksBuildPhase section */
		0875E79E1E706EE900FECF7B /* Frameworks */ = {
			isa = PBXFrameworksBuildPhase;
			buildActionMask = 2147483647;
			files = (
			);
			runOnlyForDeploymentPostprocessing = 0;
		};
		0875E7B21E706EE900FECF7B /* Frameworks */ = {
			isa = PBXFrameworksBuildPhase;
			buildActionMask = 2147483647;
			files = (
			);
			runOnlyForDeploymentPostprocessing = 0;
		};
		0875E7BD1E706EE900FECF7B /* Frameworks */ = {
			isa = PBXFrameworksBuildPhase;
			buildActionMask = 2147483647;
			files = (
			);
			runOnlyForDeploymentPostprocessing = 0;
		};
/* End PBXFrameworksBuildPhase section */

/* Begin PBXGroup section */
		0875E7981E706EE800FECF7B = {
			isa = PBXGroup;
			children = (
				0875E7A31E706EE900FECF7B /* GitPractice */,
				0875E7B81E706EE900FECF7B /* GitPracticeTests */,
				0875E7C31E706EE900FECF7B /* GitPracticeUITests */,
				0875E7A21E706EE900FECF7B /* Products */,
			);
			sourceTree = "<group>";
		};
		0875E7A21E706EE900FECF7B /* Products */ = {
			isa = PBXGroup;
			children = (
				0875E7A11E706EE900FECF7B /* GitPractice.app */,
				0875E7B51E706EE900FECF7B /* GitPracticeTests.xctest */,
				0875E7C01E706EE900FECF7B /* GitPracticeUITests.xctest */,
			);
			name = Products;
			sourceTree = "<group>";
		};
		0875E7A31E706EE900FECF7B /* GitPractice */ = {
			isa = PBXGroup;
			children = (
				0875E7A41E706EE900FECF7B /* AppDelegate.swift */,
				0875E7A61E706EE900FECF7B /* ViewController.swift */,
				0875E7A81E706EE900FECF7B /* Main.storyboard */,
				0875E7AB1E706EE900FECF7B /* Assets.xcassets */,
				0875E7AD1E706EE900FECF7B /* LaunchScreen.storyboard */,
				0875E7B01E706EE900FECF7B /* Info.plist */,
			);
			path = GitPractice;
			sourceTree = "<group>";
		};
		0875E7B81E706EE900FECF7B /* GitPracticeTests */ = {
			isa = PBXGroup;
			children = (
				0875E7B91E706EE900FECF7B /* GitPracticeTests.swift */,
				0875E7BB1E706EE900FECF7B /* Info.plist */,
			);
			path = GitPracticeTests;
			sourceTree = "<group>";
		};
		0875E7C31E706EE900FECF7B /* GitPracticeUITests */ = {
			isa = PBXGroup;
			children = (
				0875E7C41E706EE900FECF7B /* GitPracticeUITests.swift */,
				0875E7C61E706EE900FECF7B /* Info.plist */,
			);
			path = GitPracticeUITests;
			sourceTree = "<group>";
		};
/* End PBXGroup section */

/* Begin PBXNativeTarget section */
		0875E7A01E706EE900FECF7B /* GitPractice */ = {
			isa = PBXNativeTarget;
			buildConfigurationList = 0875E7C91E706EE900FECF7B /* Build configuration list for PBXNativeTarget "GitPractice" */;
			buildPhases = (
				0875E79D1E706EE900FECF7B /* Sources */,
				0875E79E1E706EE900FECF7B /* Frameworks */,
				0875E79F1E706EE900FECF7B /* Resources */,
			);
			buildRules = (
			);
			dependencies = (
			);
			name = GitPractice;
			productName = GitPractice;
			productReference = 0875E7A11E706EE900FECF7B /* GitPractice.app */;
			productType = "com.apple.product-type.application";
		};
		0875E7B41E706EE900FECF7B /* GitPracticeTests */ = {
			isa = PBXNativeTarget;
			buildConfigurationList = 0875E7CC1E706EE900FECF7B /* Build configuration list for PBXNativeTarget "GitPracticeTests" */;
			buildPhases = (
				0875E7B11E706EE900FECF7B /* Sources */,
				0875E7B21E706EE900FECF7B /* Frameworks */,
				0875E7B31E706EE900FECF7B /* Resources */,
			);
			buildRules = (
			);
			dependencies = (
				0875E7B71E706EE900FECF7B /* PBXTargetDependency */,
			);
			name = GitPracticeTests;
			productName = GitPracticeTests;
			productReference = 0875E7B51E706EE900FECF7B /* GitPracticeTests.xctest */;
			productType = "com.apple.product-type.bundle.unit-test";
		};
		0875E7BF1E706EE900FECF7B /* GitPracticeUITests */ = {
			isa = PBXNativeTarget;
			buildConfigurationList = 0875E7CF1E706EE900FECF7B /* Build configuration list for PBXNativeTarget "GitPracticeUITests" */;
			buildPhases = (
				0875E7BC1E706EE900FECF7B /* Sources */,
				0875E7BD1E706EE900FECF7B /* Frameworks */,
				0875E7BE1E706EE900FECF7B /* Resources */,
			);
			buildRules = (
			);
			dependencies = (
				0875E7C21E706EE900FECF7B /* PBXTargetDependency */,
			);
			name = GitPracticeUITests;
			productName = GitPracticeUITests;
			productReference = 0875E7C01E706EE900FECF7B /* GitPracticeUITests.xctest */;
			productType = "com.apple.product-type.bundle.ui-testing";
		};
/* End PBXNativeTarget section */

/* Begin PBXProject section */
		0875E7991E706EE800FECF7B /* Project object */ = {
			isa = PBXProject;
			attributes = {
				LastSwiftUpdateCheck = 0820;
				LastUpgradeCheck = 0820;
				ORGANIZATIONNAME = "Allen welch";
				TargetAttributes = {
					0875E7A01E706EE900FECF7B = {
						CreatedOnToolsVersion = 8.2.1;
						DevelopmentTeam = 7AF2P6S86E;
						ProvisioningStyle = Automatic;
					};
					0875E7B41E706EE900FECF7B = {
						CreatedOnToolsVersion = 8.2.1;
						DevelopmentTeam = 7AF2P6S86E;
						ProvisioningStyle = Automatic;
						TestTargetID = 0875E7A01E706EE900FECF7B;
					};
					0875E7BF1E706EE900FECF7B = {
						CreatedOnToolsVersion = 8.2.1;
						DevelopmentTeam = 7AF2P6S86E;
						ProvisioningStyle = Automatic;
						TestTargetID = 0875E7A01E706EE900FECF7B;
					};
				};
			};
			buildConfigurationList = 0875E79C1E706EE800FECF7B /* Build configuration list for PBXProject "GitPractice" */;
			compatibilityVersion = "Xcode 3.2";
			developmentRegion = English;
			hasScannedForEncodings = 0;
			knownRegions = (
				en,
				Base,
			);
			mainGroup = 0875E7981E706EE800FECF7B;
			productRefGroup = 0875E7A21E706EE900FECF7B /* Products */;
			projectDirPath = "";
			projectRoot = "";
			targets = (
				0875E7A01E706EE900FECF7B /* GitPractice */,
				0875E7B41E706EE900FECF7B /* GitPracticeTests */,
				0875E7BF1E706EE900FECF7B /* GitPracticeUITests */,
			);
		};
/* End PBXProject section */

/* Begin PBXResourcesBuildPhase section */
		0875E79F1E706EE900FECF7B /* Resources */ = {
			isa = PBXResourcesBuildPhase;
			buildActionMask = 2147483647;
			files = (
				0875E7AF1E706EE900FECF7B /* LaunchScreen.storyboard in Resources */,
				0875E7AC1E706EE900FECF7B /* Assets.xcassets in Resources */,
				0875E7AA1E706EE900FECF7B /* Main.storyboard in Resources */,
			);
			runOnlyForDeploymentPostprocessing = 0;
		};
		0875E7B31E706EE900FECF7B /* Resources */ = {
			isa = PBXResourcesBuildPhase;
			buildActionMask = 2147483647;
			files = (
			);
			runOnlyForDeploymentPostprocessing = 0;
		};
		0875E7BE1E706EE900FECF7B /* Resources */ = {
			isa = PBXResourcesBuildPhase;
			buildActionMask = 2147483647;
			files = (
			);
			runOnlyForDeploymentPostprocessing = 0;
		};
/* End PBXResourcesBuildPhase section */

/* Begin PBXSourcesBuildPhase section */
		0875E79D1E706EE900FECF7B /* Sources */ = {
			isa = PBXSourcesBuildPhase;
			buildActionMask = 2147483647;
			files = (
				0875E7A71E706EE900FECF7B /* ViewController.swift in Sources */,
				0875E7A51E706EE900FECF7B /* AppDelegate.swift in Sources */,
			);
			runOnlyForDeploymentPostprocessing = 0;
		};
		0875E7B11E706EE900FECF7B /* Sources */ = {
			isa = PBXSourcesBuildPhase;
			buildActionMask = 2147483647;
			files = (
				0875E7BA1E706EE900FECF7B /* GitPracticeTests.swift in Sources */,
			);
			runOnlyForDeploymentPostprocessing = 0;
		};
		0875E7BC1E706EE900FECF7B /* Sources */ = {
			isa = PBXSourcesBuildPhase;
			buildActionMask = 2147483647;
			files = (
				0875E7C51E706EE900FECF7B /* GitPracticeUITests.swift in Sources */,
			);
			runOnlyForDeploymentPostprocessing = 0;
		};
/* End PBXSourcesBuildPhase section */

/* Begin PBXTargetDependency section */
		0875E7B71E706EE900FECF7B /* PBXTargetDependency */ = {
			isa = PBXTargetDependency;
			target = 0875E7A01E706EE900FECF7B /* GitPractice */;
			targetProxy = 0875E7B61E706EE900FECF7B /* PBXContainerItemProxy */;
		};
		0875E7C21E706EE900FECF7B /* PBXTargetDependency */ = {
			isa = PBXTargetDependency;
			target = 0875E7A01E706EE900FECF7B /* GitPractice */;
			targetProxy = 0875E7C11E706EE900FECF7B /* PBXContainerItemProxy */;
		};
/* End PBXTargetDependency section */

/* Begin PBXVariantGroup section */
		0875E7A81E706EE900FECF7B /* Main.storyboard */ = {
			isa = PBXVariantGroup;
			children = (
				0875E7A91E706EE900FECF7B /* Base */,
			);
			name = Main.storyboard;
			sourceTree = "<group>";
		};
		0875E7AD1E706EE900FECF7B /* LaunchScreen.storyboard */ = {
			isa = PBXVariantGroup;
			children = (
				0875E7AE1E706EE900FECF7B /* Base */,
			);
			name = LaunchScreen.storyboard;
			sourceTree = "<group>";
		};
/* End PBXVariantGroup section */

/* Begin XCBuildConfiguration section */
		0875E7C71E706EE900FECF7B /* Debug */ = {
			isa = XCBuildConfiguration;
			buildSettings = {
				ALWAYS_SEARCH_USER_PATHS = NO;
				CLANG_ANALYZER_NONNULL = YES;
				CLANG_CXX_LANGUAGE_STANDARD = "gnu++0x";
				CLANG_CXX_LIBRARY = "libc++";
				CLANG_ENABLE_MODULES = YES;
				CLANG_ENABLE_OBJC_ARC = YES;
				CLANG_WARN_BOOL_CONVERSION = YES;
				CLANG_WARN_CONSTANT_CONVERSION = YES;
				CLANG_WARN_DIRECT_OBJC_ISA_USAGE = YES_ERROR;
				CLANG_WARN_DOCUMENTATION_COMMENTS = YES;
				CLANG_WARN_EMPTY_BODY = YES;
				CLANG_WARN_ENUM_CONVERSION = YES;
				CLANG_WARN_INFINITE_RECURSION = YES;
				CLANG_WARN_INT_CONVERSION = YES;
				CLANG_WARN_OBJC_ROOT_CLASS = YES_ERROR;
				CLANG_WARN_SUSPICIOUS_MOVE = YES;
				CLANG_WARN_UNREACHABLE_CODE = YES;
				CLANG_WARN__DUPLICATE_METHOD_MATCH = YES;
				"CODE_SIGN_IDENTITY[sdk=iphoneos*]" = "iPhone Developer";
				COPY_PHASE_STRIP = NO;
				DEBUG_INFORMATION_FORMAT = dwarf;
				ENABLE_STRICT_OBJC_MSGSEND = YES;
				ENABLE_TESTABILITY = YES;
				GCC_C_LANGUAGE_STANDARD = gnu99;
				GCC_DYNAMIC_NO_PIC = NO;
				GCC_NO_COMMON_BLOCKS = YES;
				GCC_OPTIMIZATION_LEVEL = 0;
				GCC_PREPROCESSOR_DEFINITIONS = (
					"DEBUG=1",
					"$(inherited)",
				);
				GCC_WARN_64_TO_32_BIT_CONVERSION = YES;
				GCC_WARN_ABOUT_RETURN_TYPE = YES_ERROR;
				GCC_WARN_UNDECLARED_SELECTOR = YES;
				GCC_WARN_UNINITIALIZED_AUTOS = YES_AGGRESSIVE;
				GCC_WARN_UNUSED_FUNCTION = YES;
				GCC_WARN_UNUSED_VARIABLE = YES;
				IPHONEOS_DEPLOYMENT_TARGET = 10.2;
				MTL_ENABLE_DEBUG_INFO = YES;
				ONLY_ACTIVE_ARCH = YES;
				SDKROOT = iphoneos;
				SWIFT_ACTIVE_COMPILATION_CONDITIONS = DEBUG;
				SWIFT_OPTIMIZATION_LEVEL = "-Onone";
				TARGETED_DEVICE_FAMILY = "1,2";
			};
			name = Debug;
		};
		0875E7C81E706EE900FECF7B /* Release */ = {
			isa = XCBuildConfiguration;
			buildSettings = {
				ALWAYS_SEARCH_USER_PATHS = NO;
				CLANG_ANALYZER_NONNULL = YES;
				CLANG_CXX_LANGUAGE_STANDARD = "gnu++0x";
				CLANG_CXX_LIBRARY = "libc++";
				CLANG_ENABLE_MODULES = YES;
				CLANG_ENABLE_OBJC_ARC = YES;
				CLANG_WARN_BOOL_CONVERSION = YES;
				CLANG_WARN_CONSTANT_CONVERSION = YES;
				CLANG_WARN_DIRECT_OBJC_ISA_USAGE = YES_ERROR;
				CLANG_WARN_DOCUMENTATION_COMMENTS = YES;
				CLANG_WARN_EMPTY_BODY = YES;
				CLANG_WARN_ENUM_CONVERSION = YES;
				CLANG_WARN_INFINITE_RECURSION = YES;
				CLANG_WARN_INT_CONVERSION = YES;
				CLANG_WARN_OBJC_ROOT_CLASS = YES_ERROR;
				CLANG_WARN_SUSPICIOUS_MOVE = YES;
				CLANG_WARN_UNREACHABLE_CODE = YES;
				CLANG_WARN__DUPLICATE_METHOD_MATCH = YES;
				"CODE_SIGN_IDENTITY[sdk=iphoneos*]" = "iPhone Developer";
				COPY_PHASE_STRIP = NO;
				DEBUG_INFORMATION_FORMAT = "dwarf-with-dsym";
				ENABLE_NS_ASSERTIONS = NO;
				ENABLE_STRICT_OBJC_MSGSEND = YES;
				GCC_C_LANGUAGE_STANDARD = gnu99;
				GCC_NO_COMMON_BLOCKS = YES;
				GCC_WARN_64_TO_32_BIT_CONVERSION = YES;
				GCC_WARN_ABOUT_RETURN_TYPE = YES_ERROR;
				GCC_WARN_UNDECLARED_SELECTOR = YES;
				GCC_WARN_UNINITIALIZED_AUTOS = YES_AGGRESSIVE;
				GCC_WARN_UNUSED_FUNCTION = YES;
				GCC_WARN_UNUSED_VARIABLE = YES;
				IPHONEOS_DEPLOYMENT_TARGET = 10.2;
				MTL_ENABLE_DEBUG_INFO = NO;
				SDKROOT = iphoneos;
				SWIFT_OPTIMIZATION_LEVEL = "-Owholemodule";
				TARGETED_DEVICE_FAMILY = "1,2";
				VALIDATE_PRODUCT = YES;
			};
			name = Release;
		};
		0875E7CA1E706EE900FECF7B /* Debug */ = {
			isa = XCBuildConfiguration;
			buildSettings = {
				ASSETCATALOG_COMPILER_APPICON_NAME = AppIcon;
				DEVELOPMENT_TEAM = 7AF2P6S86E;
				INFOPLIST_FILE = GitPractice/Info.plist;
				LD_RUNPATH_SEARCH_PATHS = "$(inherited) @executable_path/Frameworks";
				PRODUCT_BUNDLE_IDENTIFIER = "Northwest-Tech.GitPractice";
				PRODUCT_NAME = "$(TARGET_NAME)";
				SWIFT_VERSION = 3.0;
			};
			name = Debug;
		};
		0875E7CB1E706EE900FECF7B /* Release */ = {
			isa = XCBuildConfiguration;
			buildSettings = {
				ASSETCATALOG_COMPILER_APPICON_NAME = AppIcon;
				DEVELOPMENT_TEAM = 7AF2P6S86E;
				INFOPLIST_FILE = GitPractice/Info.plist;
				LD_RUNPATH_SEARCH_PATHS = "$(inherited) @executable_path/Frameworks";
				PRODUCT_BUNDLE_IDENTIFIER = "Northwest-Tech.GitPractice";
				PRODUCT_NAME = "$(TARGET_NAME)";
				SWIFT_VERSION = 3.0;
			};
			name = Release;
		};
		0875E7CD1E706EE900FECF7B /* Debug */ = {
			isa = XCBuildConfiguration;
			buildSettings = {
				ALWAYS_EMBED_SWIFT_STANDARD_LIBRARIES = YES;
				BUNDLE_LOADER = "$(TEST_HOST)";
				DEVELOPMENT_TEAM = 7AF2P6S86E;
				INFOPLIST_FILE = GitPracticeTests/Info.plist;
				LD_RUNPATH_SEARCH_PATHS = "$(inherited) @executable_path/Frameworks @loader_path/Frameworks";
				PRODUCT_BUNDLE_IDENTIFIER = "Northwest-Tech.GitPracticeTests";
				PRODUCT_NAME = "$(TARGET_NAME)";
				SWIFT_VERSION = 3.0;
				TEST_HOST = "$(BUILT_PRODUCTS_DIR)/GitPractice.app/GitPractice";
			};
			name = Debug;
		};
		0875E7CE1E706EE900FECF7B /* Release */ = {
			isa = XCBuildConfiguration;
			buildSettings = {
				ALWAYS_EMBED_SWIFT_STANDARD_LIBRARIES = YES;
				BUNDLE_LOADER = "$(TEST_HOST)";
				DEVELOPMENT_TEAM = 7AF2P6S86E;
				INFOPLIST_FILE = GitPracticeTests/Info.plist;
				LD_RUNPATH_SEARCH_PATHS = "$(inherited) @executable_path/Frameworks @loader_path/Frameworks";
				PRODUCT_BUNDLE_IDENTIFIER = "Northwest-Tech.GitPracticeTests";
				PRODUCT_NAME = "$(TARGET_NAME)";
				SWIFT_VERSION = 3.0;
				TEST_HOST = "$(BUILT_PRODUCTS_DIR)/GitPractice.app/GitPractice";
			};
			name = Release;
		};
		0875E7D01E706EE900FECF7B /* Debug */ = {
			isa = XCBuildConfiguration;
			buildSettings = {
				ALWAYS_EMBED_SWIFT_STANDARD_LIBRARIES = YES;
				DEVELOPMENT_TEAM = 7AF2P6S86E;
				INFOPLIST_FILE = GitPracticeUITests/Info.plist;
				LD_RUNPATH_SEARCH_PATHS = "$(inherited) @executable_path/Frameworks @loader_path/Frameworks";
				PRODUCT_BUNDLE_IDENTIFIER = "Northwest-Tech.GitPracticeUITests";
				PRODUCT_NAME = "$(TARGET_NAME)";
				SWIFT_VERSION = 3.0;
				TEST_TARGET_NAME = GitPractice;
			};
			name = Debug;
		};
		0875E7D11E706EE900FECF7B /* Release */ = {
			isa = XCBuildConfiguration;
			buildSettings = {
				ALWAYS_EMBED_SWIFT_STANDARD_LIBRARIES = YES;
				DEVELOPMENT_TEAM = 7AF2P6S86E;
				INFOPLIST_FILE = GitPracticeUITests/Info.plist;
				LD_RUNPATH_SEARCH_PATHS = "$(inherited) @executable_path/Frameworks @loader_path/Frameworks";
				PRODUCT_BUNDLE_IDENTIFIER = "Northwest-Tech.GitPracticeUITests";
				PRODUCT_NAME = "$(TARGET_NAME)";
				SWIFT_VERSION = 3.0;
				TEST_TARGET_NAME = GitPractice;
			};
			name = Release;
		};
/* End XCBuildConfiguration section */

/* Begin XCConfigurationList section */
		0875E79C1E706EE800FECF7B /* Build configuration list for PBXProject "GitPractice" */ = {
			isa = XCConfigurationList;
			buildConfigurations = (
				0875E7C71E706EE900FECF7B /* Debug */,
				0875E7C81E706EE900FECF7B /* Release */,
			);
			defaultConfigurationIsVisible = 0;
			defaultConfigurationName = Release;
		};
		0875E7C91E706EE900FECF7B /* Build configuration list for PBXNativeTarget "GitPractice" */ = {
			isa = XCConfigurationList;
			buildConfigurations = (
				0875E7CA1E706EE900FECF7B /* Debug */,
				0875E7CB1E706EE900FECF7B /* Release */,
			);
			defaultConfigurationIsVisible = 0;
		};
		0875E7CC1E706EE900FECF7B /* Build configuration list for PBXNativeTarget "GitPracticeTests" */ = {
			isa = XCConfigurationList;
			buildConfigurations = (
				0875E7CD1E706EE900FECF7B /* Debug */,
				0875E7CE1E706EE900FECF7B /* Release */,
			);
			defaultConfigurationIsVisible = 0;
		};
		0875E7CF1E706EE900FECF7B /* Build configuration list for PBXNativeTarget "GitPracticeUITests" */ = {
			isa = XCConfigurationList;
			buildConfigurations = (
				0875E7D01E706EE900FECF7B /* Debug */,
				0875E7D11E706EE900FECF7B /* Release */,
			);
			defaultConfigurationIsVisible = 0;
		};
/* End XCConfigurationList section */
	};
	rootObject = 0875E7991E706EE800FECF7B /* Project object */;
}
